lockfileVersion: '6.0'

settings:
  autoInstallPeers: true
  excludeLinksFromLockfile: false

dependencies:
  '@hotwired/stimulus':
    specifier: ^3.2.2
    version: 3.2.2
  '@hotwired/turbo-rails':
    specifier: ^8.0.5
    version: 8.0.5
  '@stimulus-components/content-loader':
    specifier: ^5.0.0
    version: 5.0.0(@hotwired/stimulus@3.2.2)
  '@stimulus-components/dialog':
    specifier: ^1.0.1
    version: 1.0.1(@hotwired/stimulus@3.2.2)
  '@stimulus-components/notification':
    specifier: ^3.0.0
    version: 3.0.0(@hotwired/stimulus@3.2.2)(hotkeys-js@3.13.7)
  '@stimulus-components/password-visibility':
    specifier: ^3.0.0
    version: 3.0.0(@hotwired/stimulus@3.2.2)
  daisyui:
    specifier: ^4.12.10
    version: 4.12.10(postcss@8.4.40)
  stimulus-use:
    specifier: ^0.52.2
    version: 0.52.2(@hotwired/stimulus@3.2.2)(hotkeys-js@3.13.7)
  tailwindcss-stimulus-components:
    specifier: ^5.1.1
    version: 5.1.1(@hotwired/stimulus@3.2.2)

packages:

  /@hotwired/stimulus@3.2.2:
    resolution: {integrity: sha512-eGeIqNOQpXoPAIP7tC1+1Yc1yl1xnwYqg+3mzqxyrbE5pg5YFBZcA6YoTiByJB6DKAEsiWtl6tjTJS4IYtbB7A==}
    dev: false

  /@hotwired/turbo-rails@8.0.5:
    resolution: {integrity: sha512-1A9G9u28IRAl0C57z8Ka3AhNPyJdwfOrbjr+ABZk2ZEUw2QO7cJ0pgs77asUj2E/tzn1PgrxrSVu24W+1Q5uBA==}
    dependencies:
      '@hotwired/turbo': 8.0.5
      '@rails/actioncable': 7.1.3
    dev: false

  /@hotwired/turbo@8.0.5:
    resolution: {integrity: sha512-TdZDA7fxVQ2ZycygvpnzjGPmFq4sO/E2QVg+2em/sJ3YTSsIWVEis8HmWlumz+c9DjWcUkcCuB+muF08TInpAQ==}
    engines: {node: '>= 14'}
    dev: false

  /@rails/actioncable@7.1.3:
    resolution: {integrity: sha512-ojNvnoZtPN0pYvVFtlO7dyEN9Oml1B6IDM+whGKVak69MMYW99lC2NOWXWeE3bmwEydbP/nn6ERcpfjHVjYQjA==}
    dev: false

  /@stimulus-components/content-loader@5.0.0(@hotwired/stimulus@3.2.2):
    resolution: {integrity: sha512-5ib9PveLI9VEbUwJQpp76OW9Q1Fc8CY7Yo9iVOPTFScwtUWOQJCnwR836osLzYbEIDEEpCfBsCRcIdn9PBGT8A==}
    peerDependencies:
      '@hotwired/stimulus': ^3.0.0
    dependencies:
      '@hotwired/stimulus': 3.2.2
    dev: false

  /@stimulus-components/dialog@1.0.1(@hotwired/stimulus@3.2.2):
    resolution: {integrity: sha512-7cpazrXeFKVmmuGnJOrykEvjRNRTOhLuI7SzgDdAlKWxM8ivBKziBHwjJGR96vCvSkoKwlGMGRcDzXgVRnr/7w==}
    peerDependencies:
      '@hotwired/stimulus': ^3.0.0
    dependencies:
      '@hotwired/stimulus': 3.2.2
    dev: false

  /@stimulus-components/notification@3.0.0(@hotwired/stimulus@3.2.2)(hotkeys-js@3.13.7):
    resolution: {integrity: sha512-oZrIAcEayLNIhcetMJSLP6S9ryWjiFWBI5JKm639UuRsfSRyxiaHMddb3Xch/Umq6K24h/t2l1zVxxOm/UnMOA==}
    peerDependencies:
      '@hotwired/stimulus': ^3.0.0
    dependencies:
      '@hotwired/stimulus': 3.2.2
      stimulus-use: 0.52.2(@hotwired/stimulus@3.2.2)(hotkeys-js@3.13.7)
    transitivePeerDependencies:
      - hotkeys-js
    dev: false

  /@stimulus-components/password-visibility@3.0.0(@hotwired/stimulus@3.2.2):
    resolution: {integrity: sha512-ikyuZ/4VX4YrCckVHDc4H6UkTr5UjtkxSH+UdlEIgP9v93W1Bbvnoao0hgQODm8cvNWigmpLpKoGUzgyjBlrdw==}
    peerDependencies:
      '@hotwired/stimulus': ^3.0.0
    dependencies:
      '@hotwired/stimulus': 3.2.2
    dev: false

  /camelcase-css@2.0.1:
    resolution: {integrity: sha512-QOSvevhslijgYwRx6Rv7zKdMF8lbRmx+uQGx2+vDc+KI/eBnsy9kit5aj23AgGu3pa4t9AgwbnXWqS+iOY+2aA==}
    engines: {node: '>= 6'}
    dev: false

  /css-selector-tokenizer@0.8.0:
    resolution: {integrity: sha512-Jd6Ig3/pe62/qe5SBPTN8h8LeUg/pT4lLgtavPf7updwwHpvFzxvOQBHYj2LZDMjUnBzgvIUSjRcf6oT5HzHFg==}
    dependencies:
      cssesc: 3.0.0
      fastparse: 1.1.2
    dev: false

  /cssesc@3.0.0:
    resolution: {integrity: sha512-/Tb/JcjK111nNScGob5MNtsntNM1aCNUDipB/TkwZFhyDrrE47SOx/18wF2bbjgc3ZzCSKW1T5nt5EbFoAz/Vg==}
    engines: {node: '>=4'}
    hasBin: true
    dev: false

  /culori@3.3.0:
    resolution: {integrity: sha512-pHJg+jbuFsCjz9iclQBqyL3B2HLCBF71BwVNujUYEvCeQMvV97R59MNK3R2+jgJ3a1fcZgI9B3vYgz8lzr/BFQ==}
    engines: {node: ^12.20.0 || ^14.13.1 || >=16.0.0}
    dev: false

  /daisyui@4.12.10(postcss@8.4.40):
    resolution: {integrity: sha512-jp1RAuzbHhGdXmn957Z2XsTZStXGHzFfF0FgIOZj3Wv9sH7OZgLfXTRZNfKVYxltGUOBsG1kbWAdF5SrqjebvA==}
    engines: {node: '>=16.9.0'}
    dependencies:
      css-selector-tokenizer: 0.8.0
      culori: 3.3.0
      picocolors: 1.0.1
      postcss-js: 4.0.1(postcss@8.4.40)
    transitivePeerDependencies:
      - postcss
    dev: false

  /fastparse@1.1.2:
    resolution: {integrity: sha512-483XLLxTVIwWK3QTrMGRqUfUpoOs/0hbQrl2oz4J0pAcm3A3bu84wxTFqGqkJzewCLdME38xJLJAxBABfQT8sQ==}
    dev: false

  /hotkeys-js@3.13.7:
    resolution: {integrity: sha512-ygFIdTqqwG4fFP7kkiYlvayZppeIQX2aPpirsngkv1xM1lP0piDY5QEh68nQnIKvz64hfocxhBaD/uK3sSK1yQ==}
    dev: false

  /nanoid@3.3.7:
    resolution: {integrity: sha512-eSRppjcPIatRIMC1U6UngP8XFcz8MQWGQdt1MTBQ7NaAmvXDfvNxbvWV3x2y6CdEUciCSsDHDQZbhYaB8QEo2g==}
    engines: {node: ^10 || ^12 || ^13.7 || ^14 || >=15.0.1}
    hasBin: true
    dev: false

  /picocolors@1.0.1:
    resolution: {integrity: sha512-anP1Z8qwhkbmu7MFP5iTt+wQKXgwzf7zTyGlcdzabySa9vd0Xt392U0rVmz9poOaBj0uHJKyyo9/upk0HrEQew==}
    dev: false

  /postcss-js@4.0.1(postcss@8.4.40):
    resolution: {integrity: sha512-dDLF8pEO191hJMtlHFPRa8xsizHaM82MLfNkUHdUtVEV3tgTp5oj+8qbEqYM57SLfc74KSbw//4SeJma2LRVIw==}
    engines: {node: ^12 || ^14 || >= 16}
    peerDependencies:
      postcss: ^8.4.21
    dependencies:
      camelcase-css: 2.0.1
      postcss: 8.4.40
    dev: false

  /postcss@8.4.40:
    resolution: {integrity: sha512-YF2kKIUzAofPMpfH6hOi2cGnv/HrUlfucspc7pDyvv7kGdqXrfj8SCl/t8owkEgKEuu8ZcRjSOxFxVLqwChZ2Q==}
    engines: {node: ^10 || ^12 || >=14}
    dependencies:
      nanoid: 3.3.7
      picocolors: 1.0.1
      source-map-js: 1.2.0
    dev: false

  /source-map-js@1.2.0:
    resolution: {integrity: sha512-itJW8lvSA0TXEphiRoawsCksnlf8SyvmFzIhltqAHluXd88pkCd+cXJVHTDwdCr0IzwptSm035IHQktUu1QUMg==}
    engines: {node: '>=0.10.0'}
    dev: false

  /stimulus-use@0.52.2(@hotwired/stimulus@3.2.2)(hotkeys-js@3.13.7):
    resolution: {integrity: sha512-413+tIw9n6Jnb0OFiQE1i3aP01i0hhGgAnPp1P6cNuBbhhqG2IOp8t1O/4s5Tw2lTvSYrFeLNdaY8sYlDaULeg==}
    peerDependencies:
      '@hotwired/stimulus': '>= 3'
      hotkeys-js: '>= 3'
    dependencies:
      '@hotwired/stimulus': 3.2.2
      hotkeys-js: 3.13.7
    dev: false

  /tailwindcss-stimulus-components@5.1.1(@hotwired/stimulus@3.2.2):
    resolution: {integrity: sha512-9e3H9WLZoGzWQBVOdYvxqM42MsJ4dfkfdrs3NGV+HYvHbIcF9tukl2MPKVZpBv/pP+puZbJv0lFgdn79IGVApA==}
    peerDependencies:
      '@hotwired/stimulus': '>= 3.0.0'
    dependencies:
      '@hotwired/stimulus': 3.2.2
    dev: false
